// !$*UTF8*$!
{
	archiveVersion = 1;
	classes = {
	};
	objectVersion = 55;
	objects = {

/* Begin PBXBuildFile section */
		06F16518286D6C12001D0165 /* AppDelegate.swift in Sources */ = {isa = PBXBuildFile; fileRef = 06F16517286D6C12001D0165 /* AppDelegate.swift */; };
		06F16521286D6C15001D0165 /* Assets.xcassets in Resources */ = {isa = PBXBuildFile; fileRef = 06F16520286D6C15001D0165 /* Assets.xcassets */; };
		06F16524286D6C15001D0165 /* LaunchScreen.storyboard in Resources */ = {isa = PBXBuildFile; fileRef = 06F16522286D6C15001D0165 /* LaunchScreen.storyboard */; };
		06F1652E286D93D3001D0165 /* UIButton+DzKit.swift in Sources */ = {isa = PBXBuildFile; fileRef = 06F1652D286D93D3001D0165 /* UIButton+DzKit.swift */; };
		06F16530286D957E001D0165 /* UIColor+DzKit.swift in Sources */ = {isa = PBXBuildFile; fileRef = 06F1652F286D957E001D0165 /* UIColor+DzKit.swift */; };
		06F16532286DA526001D0165 /* TestViewController.swift in Sources */ = {isa = PBXBuildFile; fileRef = 06F16531286DA526001D0165 /* TestViewController.swift */; };
		06F16536286DA5B9001D0165 /* avatar.JPG in Resources */ = {isa = PBXBuildFile; fileRef = 06F16535286DA5B9001D0165 /* avatar.JPG */; };
		06F16538286DA815001D0165 /* Image.xcassets in Resources */ = {isa = PBXBuildFile; fileRef = 06F16537286DA815001D0165 /* Image.xcassets */; };
		06F1653A286E8C3F001D0165 /* UIImage+DzKit.swift in Sources */ = {isa = PBXBuildFile; fileRef = 06F16539286E8C3F001D0165 /* UIImage+DzKit.swift */; };
		06F1653C286E8EB6001D0165 /* UIFont+DzKit.swift in Sources */ = {isa = PBXBuildFile; fileRef = 06F1653B286E8EB6001D0165 /* UIFont+DzKit.swift */; };
		06F1653F286E90DA001D0165 /* String+DzKit.swift in Sources */ = {isa = PBXBuildFile; fileRef = 06F1653E286E90DA001D0165 /* String+DzKit.swift */; };
		06F16541286E953A001D0165 /* Array+DzKit.swift in Sources */ = {isa = PBXBuildFile; fileRef = 06F16540286E953A001D0165 /* Array+DzKit.swift */; };
		06F16543286E9597001D0165 /* Dictionary+DzKit.swift in Sources */ = {isa = PBXBuildFile; fileRef = 06F16542286E9597001D0165 /* Dictionary+DzKit.swift */; };
		06F16545286E95FC001D0165 /* UILabel+DzKit.swift in Sources */ = {isa = PBXBuildFile; fileRef = 06F16544286E95FC001D0165 /* UILabel+DzKit.swift */; };
/* End PBXBuildFile section */

/* Begin PBXFileReference section */
		06F16514286D6C12001D0165 /* DzKit.app */ = {isa = PBXFileReference; explicitFileType = wrapper.application; includeInIndex = 0; path = DzKit.app; sourceTree = BUILT_PRODUCTS_DIR; };
		06F16517286D6C12001D0165 /* AppDelegate.swift */ = {isa = PBXFileReference; lastKnownFileType = sourcecode.swift; path = AppDelegate.swift; sourceTree = "<group>"; };
		06F16520286D6C15001D0165 /* Assets.xcassets */ = {isa = PBXFileReference; lastKnownFileType = folder.assetcatalog; path = Assets.xcassets; sourceTree = "<group>"; };
		06F16523286D6C15001D0165 /* Base */ = {isa = PBXFileReference; lastKnownFileType = file.storyboard; name = Base; path = Base.lproj/LaunchScreen.storyboard; sourceTree = "<group>"; };
		06F16525286D6C15001D0165 /* Info.plist */ = {isa = PBXFileReference; lastKnownFileType = text.plist.xml; path = Info.plist; sourceTree = "<group>"; };
		06F1652D286D93D3001D0165 /* UIButton+DzKit.swift */ = {isa = PBXFileReference; lastKnownFileType = sourcecode.swift; path = "UIButton+DzKit.swift"; sourceTree = "<group>"; };
		06F1652F286D957E001D0165 /* UIColor+DzKit.swift */ = {isa = PBXFileReference; lastKnownFileType = sourcecode.swift; path = "UIColor+DzKit.swift"; sourceTree = "<group>"; };
		06F16531286DA526001D0165 /* TestViewController.swift */ = {isa = PBXFileReference; lastKnownFileType = sourcecode.swift; path = TestViewController.swift; sourceTree = "<group>"; };
		06F16535286DA5B9001D0165 /* avatar.JPG */ = {isa = PBXFileReference; lastKnownFileType = image.jpeg; path = avatar.JPG; sourceTree = "<group>"; };
		06F16537286DA815001D0165 /* Image.xcassets */ = {isa = PBXFileReference; lastKnownFileType = folder.assetcatalog; path = Image.xcassets; sourceTree = "<group>"; };
		06F16539286E8C3F001D0165 /* UIImage+DzKit.swift */ = {isa = PBXFileReference; lastKnownFileType = sourcecode.swift; path = "UIImage+DzKit.swift"; sourceTree = "<group>"; };
		06F1653B286E8EB6001D0165 /* UIFont+DzKit.swift */ = {isa = PBXFileReference; lastKnownFileType = sourcecode.swift; path = "UIFont+DzKit.swift"; sourceTree = "<group>"; };
		06F1653E286E90DA001D0165 /* String+DzKit.swift */ = {isa = PBXFileReference; lastKnownFileType = sourcecode.swift; path = "String+DzKit.swift"; sourceTree = "<group>"; };
		06F16540286E953A001D0165 /* Array+DzKit.swift */ = {isa = PBXFileReference; lastKnownFileType = sourcecode.swift; path = "Array+DzKit.swift"; sourceTree = "<group>"; };
		06F16542286E9597001D0165 /* Dictionary+DzKit.swift */ = {isa = PBXFileReference; lastKnownFileType = sourcecode.swift; path = "Dictionary+DzKit.swift"; sourceTree = "<group>"; };
		06F16544286E95FC001D0165 /* UILabel+DzKit.swift */ = {isa = PBXFileReference; lastKnownFileType = sourcecode.swift; path = "UILabel+DzKit.swift"; sourceTree = "<group>"; };
/* End PBXFileReference section */

/* Begin PBXFrameworksBuildPhase section */
		06F16511286D6C12001D0165 /* Frameworks */ = {
			isa = PBXFrameworksBuildPhase;
			buildActionMask = 2147483647;
			files = (
			);
			runOnlyForDeploymentPostprocessing = 0;
		};
/* End PBXFrameworksBuildPhase section */

/* Begin PBXGroup section */
		06F1650B286D6C12001D0165 = {
			isa = PBXGroup;
			children = (
				06F16516286D6C12001D0165 /* DzKit */,
				06F16515286D6C12001D0165 /* Products */,
			);
			sourceTree = "<group>";
		};
		06F16515286D6C12001D0165 /* Products */ = {
			isa = PBXGroup;
			children = (
				06F16514286D6C12001D0165 /* DzKit.app */,
			);
			name = Products;
			sourceTree = "<group>";
		};
		06F16516286D6C12001D0165 /* DzKit */ = {
			isa = PBXGroup;
			children = (
				06F16517286D6C12001D0165 /* AppDelegate.swift */,
				06F16531286DA526001D0165 /* TestViewController.swift */,
				06F1652C286D932D001D0165 /* Extension */,
				06F1652B286D911C001D0165 /* Resource */,
			);
			path = DzKit;
			sourceTree = "<group>";
		};
		06F1652B286D911C001D0165 /* Resource */ = {
			isa = PBXGroup;
			children = (
				06F16535286DA5B9001D0165 /* avatar.JPG */,
				06F16520286D6C15001D0165 /* Assets.xcassets */,
				06F16522286D6C15001D0165 /* LaunchScreen.storyboard */,
				06F16525286D6C15001D0165 /* Info.plist */,
				06F16537286DA815001D0165 /* Image.xcassets */,
			);
			path = Resource;
			sourceTree = "<group>";
		};
		06F1652C286D932D001D0165 /* Extension */ = {
			isa = PBXGroup;
			children = (
				06F1652D286D93D3001D0165 /* UIButton+DzKit.swift */,
				06F16544286E95FC001D0165 /* UILabel+DzKit.swift */,
				06F1652F286D957E001D0165 /* UIColor+DzKit.swift */,
				06F16539286E8C3F001D0165 /* UIImage+DzKit.swift */,
				06F1653B286E8EB6001D0165 /* UIFont+DzKit.swift */,
				06F1653E286E90DA001D0165 /* String+DzKit.swift */,
				06F16540286E953A001D0165 /* Array+DzKit.swift */,
				06F16542286E9597001D0165 /* Dictionary+DzKit.swift */,
			);
			path = Extension;
			sourceTree = "<group>";
		};
/* End PBXGroup section */

/* Begin PBXNativeTarget section */
		06F16513286D6C12001D0165 /* DzKit */ = {
			isa = PBXNativeTarget;
			buildConfigurationList = 06F16528286D6C15001D0165 /* Build configuration list for PBXNativeTarget "DzKit" */;
			buildPhases = (
				06F16510286D6C12001D0165 /* Sources */,
				06F16511286D6C12001D0165 /* Frameworks */,
				06F16512286D6C12001D0165 /* Resources */,
			);
			buildRules = (
			);
			dependencies = (
			);
			name = DzKit;
			productName = DzKit;
			productReference = 06F16514286D6C12001D0165 /* DzKit.app */;
			productType = "com.apple.product-type.application";
		};
/* End PBXNativeTarget section */

/* Begin PBXProject section */
		06F1650C286D6C12001D0165 /* Project object */ = {
			isa = PBXProject;
			attributes = {
				BuildIndependentTargetsInParallel = 1;
				LastSwiftUpdateCheck = 1330;
				LastUpgradeCheck = 1330;
				TargetAttributes = {
					06F16513286D6C12001D0165 = {
						CreatedOnToolsVersion = 13.3.1;
					};
				};
			};
			buildConfigurationList = 06F1650F286D6C12001D0165 /* Build configuration list for PBXProject "DzKit" */;
			compatibilityVersion = "Xcode 13.0";
			developmentRegion = en;
			hasScannedForEncodings = 0;
			knownRegions = (
				en,
				Base,
			);
			mainGroup = 06F1650B286D6C12001D0165;
			productRefGroup = 06F16515286D6C12001D0165 /* Products */;
			projectDirPath = "";
			projectRoot = "";
			targets = (
				06F16513286D6C12001D0165 /* DzKit */,
			);
		};
/* End PBXProject section */

/* Begin PBXResourcesBuildPhase section */
		06F16512286D6C12001D0165 /* Resources */ = {
			isa = PBXResourcesBuildPhase;
			buildActionMask = 2147483647;
			files = (
				06F16524286D6C15001D0165 /* LaunchScreen.storyboard in Resources */,
				06F16538286DA815001D0165 /* Image.xcassets in Resources */,
				06F16536286DA5B9001D0165 /* avatar.JPG in Resources */,
				06F16521286D6C15001D0165 /* Assets.xcassets in Resources */,
			);
			runOnlyForDeploymentPostprocessing = 0;
		};
/* End PBXResourcesBuildPhase section */

/* Begin PBXSourcesBuildPhase section */
		06F16510286D6C12001D0165 /* Sources */ = {
			isa = PBXSourcesBuildPhase;
			buildActionMask = 2147483647;
			files = (
				06F1653F286E90DA001D0165 /* String+DzKit.swift in Sources */,
				06F16530286D957E001D0165 /* UIColor+DzKit.swift in Sources */,
				06F1652E286D93D3001D0165 /* UIButton+DzKit.swift in Sources */,
				06F16545286E95FC001D0165 /* UILabel+DzKit.swift in Sources */,
				06F16532286DA526001D0165 /* TestViewController.swift in Sources */,
				06F16518286D6C12001D0165 /* AppDelegate.swift in Sources */,
				06F1653A286E8C3F001D0165 /* UIImage+DzKit.swift in Sources */,
				06F1653C286E8EB6001D0165 /* UIFont+DzKit.swift in Sources */,
				06F16543286E9597001D0165 /* Dictionary+DzKit.swift in Sources */,
				06F16541286E953A001D0165 /* Array+DzKit.swift in Sources */,
			);
			runOnlyForDeploymentPostprocessing = 0;
		};
/* End PBXSourcesBuildPhase section */

/* Begin PBXVariantGroup section */
		06F16522286D6C15001D0165 /* LaunchScreen.storyboard */ = {
			isa = PBXVariantGroup;
			children = (
				06F16523286D6C15001D0165 /* Base */,
			);
			name = LaunchScreen.storyboard;
			sourceTree = "<group>";
		};
/* End PBXVariantGroup section */

/* Begin XCBuildConfiguration section */
		06F16526286D6C15001D0165 /* Debug */ = {
			isa = XCBuildConfiguration;
			buildSettings = {
				ALWAYS_SEARCH_USER_PATHS = NO;
				CLANG_ANALYZER_NONNULL = YES;
				CLANG_ANALYZER_NUMBER_OBJECT_CONVERSION = YES_AGGRESSIVE;
				CLANG_CXX_LANGUAGE_STANDARD = "gnu++17";
				CLANG_ENABLE_MODULES = YES;
				CLANG_ENABLE_OBJC_ARC = YES;
				CLANG_ENABLE_OBJC_WEAK = YES;
				CLANG_WARN_BLOCK_CAPTURE_AUTORELEASING = YES;
				CLANG_WARN_BOOL_CONVERSION = YES;
				CLANG_WARN_COMMA = YES;
				CLANG_WARN_CONSTANT_CONVERSION = YES;
				CLANG_WARN_DEPRECATED_OBJC_IMPLEMENTATIONS = YES;
				CLANG_WARN_DIRECT_OBJC_ISA_USAGE = YES_ERROR;
				CLANG_WARN_DOCUMENTATION_COMMENTS = YES;
				CLANG_WARN_EMPTY_BODY = YES;
				CLANG_WARN_ENUM_CONVERSION = YES;
				CLANG_WARN_INFINITE_RECURSION = YES;
				CLANG_WARN_INT_CONVERSION = YES;
				CLANG_WARN_NON_LITERAL_NULL_CONVERSION = YES;
				CLANG_WARN_OBJC_IMPLICIT_RETAIN_SELF = YES;
				CLANG_WARN_OBJC_LITERAL_CONVERSION = YES;
				CLANG_WARN_OBJC_ROOT_CLASS = YES_ERROR;
				CLANG_WARN_QUOTED_INCLUDE_IN_FRAMEWORK_HEADER = YES;
				CLANG_WARN_RANGE_LOOP_ANALYSIS = YES;
				CLANG_WARN_STRICT_PROTOTYPES = YES;
				CLANG_WARN_SUSPICIOUS_MOVE = YES;
				CLANG_WARN_UNGUARDED_AVAILABILITY = YES_AGGRESSIVE;
				CLANG_WARN_UNREACHABLE_CODE = YES;
				CLANG_WARN__DUPLICATE_METHOD_MATCH = YES;
				COPY_PHASE_STRIP = NO;
				DEBUG_INFORMATION_FORMAT = dwarf;
				ENABLE_STRICT_OBJC_MSGSEND = YES;
				ENABLE_TESTABILITY = YES;
				GCC_C_LANGUAGE_STANDARD = gnu11;
				GCC_DYNAMIC_NO_PIC = NO;
				GCC_NO_COMMON_BLOCKS = YES;
				GCC_OPTIMIZATION_LEVEL = 0;
				GCC_PREPROCESSOR_DEFINITIONS = (
					"DEBUG=1",
					"$(inherited)",
				);
				GCC_WARN_64_TO_32_BIT_CONVERSION = YES;
				GCC_WARN_ABOUT_RETURN_TYPE = YES_ERROR;
				GCC_WARN_UNDECLARED_SELECTOR = YES;
				GCC_WARN_UNINITIALIZED_AUTOS = YES_AGGRESSIVE;
				GCC_WARN_UNUSED_FUNCTION = YES;
				GCC_WARN_UNUSED_VARIABLE = YES;
				IPHONEOS_DEPLOYMENT_TARGET = 15.4;
				MTL_ENABLE_DEBUG_INFO = INCLUDE_SOURCE;
				MTL_FAST_MATH = YES;
				ONLY_ACTIVE_ARCH = YES;
				SDKROOT = iphoneos;
				SWIFT_ACTIVE_COMPILATION_CONDITIONS = DEBUG;
				SWIFT_OPTIMIZATION_LEVEL = "-Onone";
			};
			name = Debug;
		};
		06F16527286D6C15001D0165 /* Release */ = {
			isa = XCBuildConfiguration;
			buildSettings = {
				ALWAYS_SEARCH_USER_PATHS = NO;
				CLANG_ANALYZER_NONNULL = YES;
				CLANG_ANALYZER_NUMBER_OBJECT_CONVERSION = YES_AGGRESSIVE;
				CLANG_CXX_LANGUAGE_STANDARD = "gnu++17";
				CLANG_ENABLE_MODULES = YES;
				CLANG_ENABLE_OBJC_ARC = YES;
				CLANG_ENABLE_OBJC_WEAK = YES;
				CLANG_WARN_BLOCK_CAPTURE_AUTORELEASING = YES;
				CLANG_WARN_BOOL_CONVERSION = YES;
				CLANG_WARN_COMMA = YES;
				CLANG_WARN_CONSTANT_CONVERSION = YES;
				CLANG_WARN_DEPRECATED_OBJC_IMPLEMENTATIONS = YES;
				CLANG_WARN_DIRECT_OBJC_ISA_USAGE = YES_ERROR;
				CLANG_WARN_DOCUMENTATION_COMMENTS = YES;
				CLANG_WARN_EMPTY_BODY = YES;
				CLANG_WARN_ENUM_CONVERSION = YES;
				CLANG_WARN_INFINITE_RECURSION = YES;
				CLANG_WARN_INT_CONVERSION = YES;
				CLANG_WARN_NON_LITERAL_NULL_CONVERSION = YES;
				CLANG_WARN_OBJC_IMPLICIT_RETAIN_SELF = YES;
				CLANG_WARN_OBJC_LITERAL_CONVERSION = YES;
				CLANG_WARN_OBJC_ROOT_CLASS = YES_ERROR;
				CLANG_WARN_QUOTED_INCLUDE_IN_FRAMEWORK_HEADER = YES;
				CLANG_WARN_RANGE_LOOP_ANALYSIS = YES;
				CLANG_WARN_STRICT_PROTOTYPES = YES;
				CLANG_WARN_SUSPICIOUS_MOVE = YES;
				CLANG_WARN_UNGUARDED_AVAILABILITY = YES_AGGRESSIVE;
				CLANG_WARN_UNREACHABLE_CODE = YES;
				CLANG_WARN__DUPLICATE_METHOD_MATCH = YES;
				COPY_PHASE_STRIP = NO;
				DEBUG_INFORMATION_FORMAT = "dwarf-with-dsym";
				ENABLE_NS_ASSERTIONS = NO;
				ENABLE_STRICT_OBJC_MSGSEND = YES;
				GCC_C_LANGUAGE_STANDARD = gnu11;
				GCC_NO_COMMON_BLOCKS = YES;
				GCC_WARN_64_TO_32_BIT_CONVERSION = YES;
				GCC_WARN_ABOUT_RETURN_TYPE = YES_ERROR;
				GCC_WARN_UNDECLARED_SELECTOR = YES;
				GCC_WARN_UNINITIALIZED_AUTOS = YES_AGGRESSIVE;
				GCC_WARN_UNUSED_FUNCTION = YES;
				GCC_WARN_UNUSED_VARIABLE = YES;
				IPHONEOS_DEPLOYMENT_TARGET = 15.4;
				MTL_ENABLE_DEBUG_INFO = NO;
				MTL_FAST_MATH = YES;
				SDKROOT = iphoneos;
				SWIFT_COMPILATION_MODE = wholemodule;
				SWIFT_OPTIMIZATION_LEVEL = "-O";
				VALIDATE_PRODUCT = YES;
			};
			name = Release;
		};
		06F16529286D6C15001D0165 /* Debug */ = {
			isa = XCBuildConfiguration;
			buildSettings = {
				ASSETCATALOG_COMPILER_APPICON_NAME = AppIcon;
				ASSETCATALOG_COMPILER_GLOBAL_ACCENT_COLOR_NAME = AccentColor;
				CODE_SIGN_STYLE = Automatic;
				CURRENT_PROJECT_VERSION = 1;
				DEVELOPMENT_TEAM = 8EA9WX9959;
				GENERATE_INFOPLIST_FILE = YES;
				INFOPLIST_FILE = DzKit/Resource/Info.plist;
				INFOPLIST_KEY_UIApplicationSupportsIndirectInputEvents = YES;
				INFOPLIST_KEY_UILaunchStoryboardName = LaunchScreen;
				INFOPLIST_KEY_UIMainStoryboardFile = LaunchScreen;
				INFOPLIST_KEY_UISupportedInterfaceOrientations_iPad = "UIInterfaceOrientationPortrait UIInterfaceOrientationPortraitUpsideDown UIInterfaceOrientationLandscapeLeft UIInterfaceOrientationLandscapeRight";
				INFOPLIST_KEY_UISupportedInterfaceOrientations_iPhone = "UIInterfaceOrientationPortrait UIInterfaceOrientationLandscapeLeft UIInterfaceOrientationLandscapeRight";
				IPHONEOS_DEPLOYMENT_TARGET = 13.0;
				LD_RUNPATH_SEARCH_PATHS = (
					"$(inherited)",
					"@executable_path/Frameworks",
				);
				MARKETING_VERSION = 1.0;
				PRODUCT_BUNDLE_IDENTIFIER = com.YihuChen.DzKit;
				PRODUCT_NAME = "$(TARGET_NAME)";
				SWIFT_EMIT_LOC_STRINGS = YES;
				SWIFT_VERSION = 5.0;
				TARGETED_DEVICE_FAMILY = "1,2";
			};
			name = Debug;
		};
		06F1652A286D6C15001D0165 /* Release */ = {
			isa = XCBuildConfiguration;
			buildSettings = {
				ASSETCATALOG_COMPILER_APPICON_NAME = AppIcon;
				ASSETCATALOG_COMPILER_GLOBAL_ACCENT_COLOR_NAME = AccentColor;
				CODE_SIGN_STYLE = Automatic;
				CURRENT_PROJECT_VERSION = 1;
				DEVELOPMENT_TEAM = 8EA9WX9959;
				GENERATE_INFOPLIST_FILE = YES;
				INFOPLIST_FILE = DzKit/Resource/Info.plist;
				INFOPLIST_KEY_UIApplicationSupportsIndirectInputEvents = YES;
				INFOPLIST_KEY_UILaunchStoryboardName = LaunchScreen;
				INFOPLIST_KEY_UIMainStoryboardFile = LaunchScreen;
				INFOPLIST_KEY_UISupportedInterfaceOrientations_iPad = "UIInterfaceOrientationPortrait UIInterfaceOrientationPortraitUpsideDown UIInterfaceOrientationLandscapeLeft UIInterfaceOrientationLandscapeRight";
				INFOPLIST_KEY_UISupportedInterfaceOrientations_iPhone = "UIInterfaceOrientationPortrait UIInterfaceOrientationLandscapeLeft UIInterfaceOrientationLandscapeRight";
				IPHONEOS_DEPLOYMENT_TARGET = 13.0;
				LD_RUNPATH_SEARCH_PATHS = (
					"$(inherited)",
					"@executable_path/Frameworks",
				);
				MARKETING_VERSION = 1.0;
				PRODUCT_BUNDLE_IDENTIFIER = com.YihuChen.DzKit;
				PRODUCT_NAME = "$(TARGET_NAME)";
				SWIFT_EMIT_LOC_STRINGS = YES;
				SWIFT_VERSION = 5.0;
				TARGETED_DEVICE_FAMILY = "1,2";
			};
			name = Release;
		};
/* End XCBuildConfiguration section */

/* Begin XCConfigurationList section */
		06F1650F286D6C12001D0165 /* Build configuration list for PBXProject "DzKit" */ = {
			isa = XCConfigurationList;
			buildConfigurations = (
				06F16526286D6C15001D0165 /* Debug */,
				06F16527286D6C15001D0165 /* Release */,
			);
			defaultConfigurationIsVisible = 0;
			defaultConfigurationName = Release;
		};
		06F16528286D6C15001D0165 /* Build configuration list for PBXNativeTarget "DzKit" */ = {
			isa = XCConfigurationList;
			buildConfigurations = (
				06F16529286D6C15001D0165 /* Debug */,
				06F1652A286D6C15001D0165 /* Release */,
			);
			defaultConfigurationIsVisible = 0;
			defaultConfigurationName = Release;
		};
/* End XCConfigurationList section */
	};
	rootObject = 06F1650C286D6C12001D0165 /* Project object */;
}
